// !$*UTF8*$!
{
	archiveVersion = 1;
	classes = {
	};
	objectVersion = 50;
	objects = {

/* Begin PBXBuildFile section */
		83D730F024CC529D00AA6757 /* AppDelegate.swift in Sources */ = {isa = PBXBuildFile; fileRef = 83D730EF24CC529D00AA6757 /* AppDelegate.swift */; };
		83D730F224CC529D00AA6757 /* SceneDelegate.swift in Sources */ = {isa = PBXBuildFile; fileRef = 83D730F124CC529D00AA6757 /* SceneDelegate.swift */; };
		83D730F424CC529D00AA6757 /* ViewController.swift in Sources */ = {isa = PBXBuildFile; fileRef = 83D730F324CC529D00AA6757 /* ViewController.swift */; };
		83D730F724CC529D00AA6757 /* Main.storyboard in Resources */ = {isa = PBXBuildFile; fileRef = 83D730F524CC529D00AA6757 /* Main.storyboard */; };
		83D730F924CC529E00AA6757 /* Assets.xcassets in Resources */ = {isa = PBXBuildFile; fileRef = 83D730F824CC529E00AA6757 /* Assets.xcassets */; };
		83D730FC24CC529E00AA6757 /* LaunchScreen.storyboard in Resources */ = {isa = PBXBuildFile; fileRef = 83D730FA24CC529E00AA6757 /* LaunchScreen.storyboard */; };
		83D7310824CC530800AA6757 /* CustomCell.swift in Sources */ = {isa = PBXBuildFile; fileRef = 83D7310624CC530800AA6757 /* CustomCell.swift */; };
		83D7310924CC530800AA6757 /* CustomHeader.swift in Sources */ = {isa = PBXBuildFile; fileRef = 83D7310724CC530800AA6757 /* CustomHeader.swift */; };
/* End PBXBuildFile section */

/* Begin PBXFileReference section */
		83D730EC24CC529D00AA6757 /* CollectionViewDemo.app */ = {isa = PBXFileReference; explicitFileType = wrapper.application; includeInIndex = 0; path = CollectionViewDemo.app; sourceTree = BUILT_PRODUCTS_DIR; };
		83D730EF24CC529D00AA6757 /* AppDelegate.swift */ = {isa = PBXFileReference; lastKnownFileType = sourcecode.swift; path = AppDelegate.swift; sourceTree = "<group>"; };
		83D730F124CC529D00AA6757 /* SceneDelegate.swift */ = {isa = PBXFileReference; lastKnownFileType = sourcecode.swift; path = SceneDelegate.swift; sourceTree = "<group>"; };
		83D730F324CC529D00AA6757 /* ViewController.swift */ = {isa = PBXFileReference; lastKnownFileType = sourcecode.swift; path = ViewController.swift; sourceTree = "<group>"; };
		83D730F624CC529D00AA6757 /* Base */ = {isa = PBXFileReference; lastKnownFileType = file.storyboard; name = Base; path = Base.lproj/Main.storyboard; sourceTree = "<group>"; };
		83D730F824CC529E00AA6757 /* Assets.xcassets */ = {isa = PBXFileReference; lastKnownFileType = folder.assetcatalog; path = Assets.xcassets; sourceTree = "<group>"; };
		83D730FB24CC529E00AA6757 /* Base */ = {isa = PBXFileReference; lastKnownFileType = file.storyboard; name = Base; path = Base.lproj/LaunchScreen.storyboard; sourceTree = "<group>"; };
		83D730FD24CC529E00AA6757 /* Info.plist */ = {isa = PBXFileReference; lastKnownFileType = text.plist.xml; path = Info.plist; sourceTree = "<group>"; };
		83D7310624CC530800AA6757 /* CustomCell.swift */ = {isa = PBXFileReference; fileEncoding = 4; lastKnownFileType = sourcecode.swift; path = CustomCell.swift; sourceTree = "<group>"; };
		83D7310724CC530800AA6757 /* CustomHeader.swift */ = {isa = PBXFileReference; fileEncoding = 4; lastKnownFileType = sourcecode.swift; path = CustomHeader.swift; sourceTree = "<group>"; };
		83D7310A24CC56DE00AA6757 /* README.md */ = {isa = PBXFileReference; lastKnownFileType = net.daringfireball.markdown; path = README.md; sourceTree = "<group>"; };
		83D7310B24CC5B8200AA6757 /* LICENSE.md */ = {isa = PBXFileReference; lastKnownFileType = net.daringfireball.markdown; path = LICENSE.md; sourceTree = "<group>"; };
/* End PBXFileReference section */

/* Begin PBXFrameworksBuildPhase section */
		83D730E924CC529D00AA6757 /* Frameworks */ = {
			isa = PBXFrameworksBuildPhase;
			buildActionMask = 2147483647;
			files = (
			);
			runOnlyForDeploymentPostprocessing = 0;
		};
/* End PBXFrameworksBuildPhase section */

/* Begin PBXGroup section */
		83D730E324CC529D00AA6757 = {
			isa = PBXGroup;
			children = (
				83D7310A24CC56DE00AA6757 /* README.md */,
				83D7310B24CC5B8200AA6757 /* LICENSE.md */,
				83D730EE24CC529D00AA6757 /* CollectionViewDemo */,
				83D730ED24CC529D00AA6757 /* Products */,
			);
			sourceTree = "<group>";
		};
		83D730ED24CC529D00AA6757 /* Products */ = {
			isa = PBXGroup;
			children = (
				83D730EC24CC529D00AA6757 /* CollectionViewDemo.app */,
			);
			name = Products;
			sourceTree = "<group>";
		};
		83D730EE24CC529D00AA6757 /* CollectionViewDemo */ = {
			isa = PBXGroup;
			children = (
				83D7310524CC52E100AA6757 /* Support files */,
				83D7310324CC52AF00AA6757 /* App lifecycle */,
				83D7310424CC52D000AA6757 /* View */,
			);
			path = CollectionViewDemo;
			sourceTree = "<group>";
		};
		83D7310324CC52AF00AA6757 /* App lifecycle */ = {
			isa = PBXGroup;
			children = (
				83D730EF24CC529D00AA6757 /* AppDelegate.swift */,
				83D730F124CC529D00AA6757 /* SceneDelegate.swift */,
			);
			path = "App lifecycle";
			sourceTree = "<group>";
		};
		83D7310424CC52D000AA6757 /* View */ = {
			isa = PBXGroup;
			children = (
				83D730F324CC529D00AA6757 /* ViewController.swift */,
				83D7310624CC530800AA6757 /* CustomCell.swift */,
				83D7310724CC530800AA6757 /* CustomHeader.swift */,
			);
			path = View;
			sourceTree = "<group>";
		};
		83D7310524CC52E100AA6757 /* Support files */ = {
			isa = PBXGroup;
			children = (
				83D730F524CC529D00AA6757 /* Main.storyboard */,
				83D730F824CC529E00AA6757 /* Assets.xcassets */,
				83D730FA24CC529E00AA6757 /* LaunchScreen.storyboard */,
				83D730FD24CC529E00AA6757 /* Info.plist */,
			);
			name = "Support files";
			sourceTree = "<group>";
		};
/* End PBXGroup section */

/* Begin PBXNativeTarget section */
		83D730EB24CC529D00AA6757 /* CollectionViewDemo */ = {
			isa = PBXNativeTarget;
			buildConfigurationList = 83D7310024CC529E00AA6757 /* Build configuration list for PBXNativeTarget "CollectionViewDemo" */;
			buildPhases = (
				83D730E824CC529D00AA6757 /* Sources */,
				83D730E924CC529D00AA6757 /* Frameworks */,
				83D730EA24CC529D00AA6757 /* Resources */,
			);
			buildRules = (
			);
			dependencies = (
			);
			name = CollectionViewDemo;
			productName = CollectionViewDemo;
			productReference = 83D730EC24CC529D00AA6757 /* CollectionViewDemo.app */;
			productType = "com.apple.product-type.application";
		};
/* End PBXNativeTarget section */

/* Begin PBXProject section */
		83D730E424CC529D00AA6757 /* Project object */ = {
			isa = PBXProject;
			attributes = {
				LastSwiftUpdateCheck = 1160;
				LastUpgradeCheck = 1160;
				ORGANIZATIONNAME = "Robert Ryan";
				TargetAttributes = {
					83D730EB24CC529D00AA6757 = {
						CreatedOnToolsVersion = 11.6;
					};
				};
			};
			buildConfigurationList = 83D730E724CC529D00AA6757 /* Build configuration list for PBXProject "CollectionViewDemo" */;
			compatibilityVersion = "Xcode 9.3";
			developmentRegion = en;
			hasScannedForEncodings = 0;
			knownRegions = (
				en,
				Base,
			);
			mainGroup = 83D730E324CC529D00AA6757;
			productRefGroup = 83D730ED24CC529D00AA6757 /* Products */;
			projectDirPath = "";
			projectRoot = "";
			targets = (
				83D730EB24CC529D00AA6757 /* CollectionViewDemo */,
			);
		};
/* End PBXProject section */

/* Begin PBXResourcesBuildPhase section */
		83D730EA24CC529D00AA6757 /* Resources */ = {
			isa = PBXResourcesBuildPhase;
			buildActionMask = 2147483647;
			files = (
				83D730FC24CC529E00AA6757 /* LaunchScreen.storyboard in Resources */,
				83D730F924CC529E00AA6757 /* Assets.xcassets in Resources */,
				83D730F724CC529D00AA6757 /* Main.storyboard in Resources */,
			);
			runOnlyForDeploymentPostprocessing = 0;
		};
/* End PBXResourcesBuildPhase section */

/* Begin PBXSourcesBuildPhase section */
		83D730E824CC529D00AA6757 /* Sources */ = {
			isa = PBXSourcesBuildPhase;
			buildActionMask = 2147483647;
			files = (
				83D730F424CC529D00AA6757 /* ViewController.swift in Sources */,
				83D730F024CC529D00AA6757 /* AppDelegate.swift in Sources */,
				83D7310824CC530800AA6757 /* CustomCell.swift in Sources */,
				83D730F224CC529D00AA6757 /* SceneDelegate.swift in Sources */,
				83D7310924CC530800AA6757 /* CustomHeader.swift in Sources */,
			);
			runOnlyForDeploymentPostprocessing = 0;
		};
/* End PBXSourcesBuildPhase section */

/* Begin PBXVariantGroup section */
		83D730F524CC529D00AA6757 /* Main.storyboard */ = {
			isa = PBXVariantGroup;
			children = (
				83D730F624CC529D00AA6757 /* Base */,
			);
			name = Main.storyboard;
			sourceTree = "<group>";
		};
		83D730FA24CC529E00AA6757 /* LaunchScreen.storyboard */ = {
			isa = PBXVariantGroup;
			children = (
				83D730FB24CC529E00AA6757 /* Base */,
			);
			name = LaunchScreen.storyboard;
			sourceTree = "<group>";
		};
/* End PBXVariantGroup section */

/* Begin XCBuildConfiguration section */
		83D730FE24CC529E00AA6757 /* Debug */ = {
			isa = XCBuildConfiguration;
			buildSettings = {
				ALWAYS_SEARCH_USER_PATHS = NO;
				CLANG_ANALYZER_NONNULL = YES;
				CLANG_ANALYZER_NUMBER_OBJECT_CONVERSION = YES_AGGRESSIVE;
				CLANG_CXX_LANGUAGE_STANDARD = "gnu++14";
				CLANG_CXX_LIBRARY = "libc++";
				CLANG_ENABLE_MODULES = YES;
				CLANG_ENABLE_OBJC_ARC = YES;
				CLANG_ENABLE_OBJC_WEAK = YES;
				CLANG_WARN_BLOCK_CAPTURE_AUTORELEASING = YES;
				CLANG_WARN_BOOL_CONVERSION = YES;
				CLANG_WARN_COMMA = YES;
				CLANG_WARN_CONSTANT_CONVERSION = YES;
				CLANG_WARN_DEPRECATED_OBJC_IMPLEMENTATIONS = YES;
				CLANG_WARN_DIRECT_OBJC_ISA_USAGE = YES_ERROR;
				CLANG_WARN_DOCUMENTATION_COMMENTS = YES;
				CLANG_WARN_EMPTY_BODY = YES;
				CLANG_WARN_ENUM_CONVERSION = YES;
				CLANG_WARN_INFINITE_RECURSION = YES;
				CLANG_WARN_INT_CONVERSION = YES;
				CLANG_WARN_NON_LITERAL_NULL_CONVERSION = YES;
				CLANG_WARN_OBJC_IMPLICIT_RETAIN_SELF = YES;
				CLANG_WARN_OBJC_LITERAL_CONVERSION = YES;
				CLANG_WARN_OBJC_ROOT_CLASS = YES_ERROR;
				CLANG_WARN_RANGE_LOOP_ANALYSIS = YES;
				CLANG_WARN_STRICT_PROTOTYPES = YES;
				CLANG_WARN_SUSPICIOUS_MOVE = YES;
				CLANG_WARN_UNGUARDED_AVAILABILITY = YES_AGGRESSIVE;
				CLANG_WARN_UNREACHABLE_CODE = YES;
				CLANG_WARN__DUPLICATE_METHOD_MATCH = YES;
				COPY_PHASE_STRIP = NO;
				DEBUG_INFORMATION_FORMAT = dwarf;
				ENABLE_STRICT_OBJC_MSGSEND = YES;
				ENABLE_TESTABILITY = YES;
				GCC_C_LANGUAGE_STANDARD = gnu11;
				GCC_DYNAMIC_NO_PIC = NO;
				GCC_NO_COMMON_BLOCKS = YES;
				GCC_OPTIMIZATION_LEVEL = 0;
				GCC_PREPROCESSOR_DEFINITIONS = (
					"DEBUG=1",
					"$(inherited)",
				);
				GCC_WARN_64_TO_32_BIT_CONVERSION = YES;
				GCC_WARN_ABOUT_RETURN_TYPE = YES_ERROR;
				GCC_WARN_UNDECLARED_SELECTOR = YES;
				GCC_WARN_UNINITIALIZED_AUTOS = YES_AGGRESSIVE;
				GCC_WARN_UNUSED_FUNCTION = YES;
				GCC_WARN_UNUSED_VARIABLE = YES;
				IPHONEOS_DEPLOYMENT_TARGET = 13.6;
				MTL_ENABLE_DEBUG_INFO = INCLUDE_SOURCE;
				MTL_FAST_MATH = YES;
				ONLY_ACTIVE_ARCH = YES;
				SDKROOT = iphoneos;
				SWIFT_ACTIVE_COMPILATION_CONDITIONS = DEBUG;
				SWIFT_OPTIMIZATION_LEVEL = "-Onone";
			};
			name = Debug;
		};
		83D730FF24CC529E00AA6757 /* Release */ = {
			isa = XCBuildConfiguration;
			buildSettings = {
				ALWAYS_SEARCH_USER_PATHS = NO;
				CLANG_ANALYZER_NONNULL = YES;
				CLANG_ANALYZER_NUMBER_OBJECT_CONVERSION = YES_AGGRESSIVE;
				CLANG_CXX_LANGUAGE_STANDARD = "gnu++14";
				CLANG_CXX_LIBRARY = "libc++";
				CLANG_ENABLE_MODULES = YES;
				CLANG_ENABLE_OBJC_ARC = YES;
				CLANG_ENABLE_OBJC_WEAK = YES;
				CLANG_WARN_BLOCK_CAPTURE_AUTORELEASING = YES;
				CLANG_WARN_BOOL_CONVERSION = YES;
				CLANG_WARN_COMMA = YES;
				CLANG_WARN_CONSTANT_CONVERSION = YES;
				CLANG_WARN_DEPRECATED_OBJC_IMPLEMENTATIONS = YES;
				CLANG_WARN_DIRECT_OBJC_ISA_USAGE = YES_ERROR;
				CLANG_WARN_DOCUMENTATION_COMMENTS = YES;
				CLANG_WARN_EMPTY_BODY = YES;
				CLANG_WARN_ENUM_CONVERSION = YES;
				CLANG_WARN_INFINITE_RECURSION = YES;
				CLANG_WARN_INT_CONVERSION = YES;
				CLANG_WARN_NON_LITERAL_NULL_CONVERSION = YES;
				CLANG_WARN_OBJC_IMPLICIT_RETAIN_SELF = YES;
				CLANG_WARN_OBJC_LITERAL_CONVERSION = YES;
				CLANG_WARN_OBJC_ROOT_CLASS = YES_ERROR;
				CLANG_WARN_RANGE_LOOP_ANALYSIS = YES;
				CLANG_WARN_STRICT_PROTOTYPES = YES;
				CLANG_WARN_SUSPICIOUS_MOVE = YES;
				CLANG_WARN_UNGUARDED_AVAILABILITY = YES_AGGRESSIVE;
				CLANG_WARN_UNREACHABLE_CODE = YES;
				CLANG_WARN__DUPLICATE_METHOD_MATCH = YES;
				COPY_PHASE_STRIP = NO;
				DEBUG_INFORMATION_FORMAT = "dwarf-with-dsym";
				ENABLE_NS_ASSERTIONS = NO;
				ENABLE_STRICT_OBJC_MSGSEND = YES;
				GCC_C_LANGUAGE_STANDARD = gnu11;
				GCC_NO_COMMON_BLOCKS = YES;
				GCC_WARN_64_TO_32_BIT_CONVERSION = YES;
				GCC_WARN_ABOUT_RETURN_TYPE = YES_ERROR;
				GCC_WARN_UNDECLARED_SELECTOR = YES;
				GCC_WARN_UNINITIALIZED_AUTOS = YES_AGGRESSIVE;
				GCC_WARN_UNUSED_FUNCTION = YES;
				GCC_WARN_UNUSED_VARIABLE = YES;
				IPHONEOS_DEPLOYMENT_TARGET = 13.6;
				MTL_ENABLE_DEBUG_INFO = NO;
				MTL_FAST_MATH = YES;
				SDKROOT = iphoneos;
				SWIFT_COMPILATION_MODE = wholemodule;
				SWIFT_OPTIMIZATION_LEVEL = "-O";
				VALIDATE_PRODUCT = YES;
			};
			name = Release;
		};
		83D7310124CC529E00AA6757 /* Debug */ = {
			isa = XCBuildConfiguration;
			buildSettings = {
				ASSETCATALOG_COMPILER_APPICON_NAME = AppIcon;
				CODE_SIGN_STYLE = Automatic;
				DEVELOPMENT_TEAM = UZAPXQTVQ4;
				INFOPLIST_FILE = CollectionViewDemo/Info.plist;
				LD_RUNPATH_SEARCH_PATHS = (
					"$(inherited)",
					"@executable_path/Frameworks",
				);
				PRODUCT_BUNDLE_IDENTIFIER = com.robertmryan.CollectionViewDemo;
				PRODUCT_NAME = "$(TARGET_NAME)";
				SWIFT_VERSION = 5.0;
				TARGETED_DEVICE_FAMILY = "1,2";
			};
			name = Debug;
		};
		83D7310224CC529E00AA6757 /* Release */ = {
			isa = XCBuildConfiguration;
			buildSettings = {
				ASSETCATALOG_COMPILER_APPICON_NAME = AppIcon;
				CODE_SIGN_STYLE = Automatic;
				DEVELOPMENT_TEAM = UZAPXQTVQ4;
				INFOPLIST_FILE = CollectionViewDemo/Info.plist;
				LD_RUNPATH_SEARCH_PATHS = (
					"$(inherited)",
					"@executable_path/Frameworks",
				);
				PRODUCT_BUNDLE_IDENTIFIER = com.robertmryan.CollectionViewDemo;
				PRODUCT_NAME = "$(TARGET_NAME)";
				SWIFT_VERSION = 5.0;
				TARGETED_DEVICE_FAMILY = "1,2";
			};
			name = Release;
		};
/* End XCBuildConfiguration section */

/* Begin XCConfigurationList section */
		83D730E724CC529D00AA6757 /* Build configuration list for PBXProject "CollectionViewDemo" */ = {
			isa = XCConfigurationList;
			buildConfigurations = (
				83D730FE24CC529E00AA6757 /* Debug */,
				83D730FF24CC529E00AA6757 /* Release */,
			);
			defaultConfigurationIsVisible = 0;
			defaultConfigurationName = Release;
		};
		83D7310024CC529E00AA6757 /* Build configuration list for PBXNativeTarget "CollectionViewDemo" */ = {
			isa = XCConfigurationList;
			buildConfigurations = (
				83D7310124CC529E00AA6757 /* Debug */,
				83D7310224CC529E00AA6757 /* Release */,
			);
			defaultConfigurationIsVisible = 0;
			defaultConfigurationName = Release;
		};
/* End XCConfigurationList section */
	};
	rootObject = 83D730E424CC529D00AA6757 /* Project object */;
}
